{
  "object": {
    "pins": [
      {
        "package": "Entwine",
        "repositoryURL": "https://github.com/tcldr/Entwine.git",
        "state": {
          "branch": "master",
          "revision": "ce8de842f18a6b91795a970637d845b836c0ad92",
          "version": null
        }
      }
    ]
  },
  "version": 1
}
