{
  "object": {
    "pins": [
      {
        "package": "Entwine",
        "repositoryURL": "https://github.com/tcldr/Entwine.git",
        "state": {
          "branch": "master",
          "revision": "d6b60871f28f37d9789007634bd1a34845c1b3cf",
          "version": null
        }
      }
    ]
  },
  "version": 1
}
